
Microsoft Visual Studio Solution File, Format Version 12.00
# Visual Studio Version 17
VisualStudioVersion = 17.12.35527.113 d17.12
MinimumVisualStudioVersion = 10.0.40219.1
Project("{FAE04EC0-301F-11D3-BF4B-00C04F79EFBC}") = "Assignment", "Assignment\Assignment.csproj", "{6E633081-09CE-472A-A35B-685C016CC1A5}"
EndProject
Project("{FAE04EC0-301F-11D3-BF4B-00C04F79EFBC}") = "Demo", "Demo\Demo.csproj", "{70CB0708-707D-411B-8361-80BEF10F7E25}"
EndProject
Project("{FAE04EC0-301F-11D3-BF4B-00C04F79EFBC}") = "Day01Library", "Day01Library\Day01Library.csproj", "{AF0CC773-036B-4DF5-A861-C6C5191E03A7}"
EndProject
Global
	GlobalSection(SolutionConfigurationPlatforms) = preSolution
		Debug|Any CPU = Debug|Any CPU
		Release|Any CPU = Release|Any CPU
	EndGlobalSection
	GlobalSection(ProjectConfigurationPlatforms) = postSolution
		{6E633081-09CE-472A-A35B-685C016CC1A5}.Debug|Any CPU.ActiveCfg = Debug|Any CPU
		{6E633081-09CE-472A-A35B-685C016CC1A5}.Debug|Any CPU.Build.0 = Debug|Any CPU
		{6E633081-09CE-472A-A35B-685C016CC1A5}.Release|Any CPU.ActiveCfg = Release|Any CPU
		{6E633081-09CE-472A-A35B-685C016CC1A5}.Release|Any CPU.Build.0 = Release|Any CPU
		{70CB0708-707D-411B-8361-80BEF10F7E25}.Debug|Any CPU.ActiveCfg = Debug|Any CPU
		{70CB0708-707D-411B-8361-80BEF10F7E25}.Debug|Any CPU.Build.0 = Debug|Any CPU
		{70CB0708-707D-411B-8361-80BEF10F7E25}.Release|Any CPU.ActiveCfg = Release|Any CPU
		{70CB0708-707D-411B-8361-80BEF10F7E25}.Release|Any CPU.Build.0 = Release|Any CPU
		{AF0CC773-036B-4DF5-A861-C6C5191E03A7}.Debug|Any CPU.ActiveCfg = Debug|Any CPU
		{AF0CC773-036B-4DF5-A861-C6C5191E03A7}.Debug|Any CPU.Build.0 = Debug|Any CPU
		{AF0CC773-036B-4DF5-A861-C6C5191E03A7}.Release|Any CPU.ActiveCfg = Release|Any CPU
		{AF0CC773-036B-4DF5-A861-C6C5191E03A7}.Release|Any CPU.Build.0 = Release|Any CPU
	EndGlobalSection
	GlobalSection(SolutionProperties) = preSolution
		HideSolutionNode = FALSE
	EndGlobalSection
EndGlobal
